github.com/AriSu2904/calculator-module v1.0.0 h1:DEOuiMJOzwt/ELA0uojuxJi9li4nnic1mVpm9NzH+5A=
github.com/AriSu2904/calculator-module v1.0.0/go.mod h1:DUCZ6DZyXEd10b1zKCWlHzdYzwl9MbCEP4BiYJjvAkw=
github.com/AriSu2904/calculator-module v1.1.0 h1:+nvAP4RaO3MdPQCwRZb4wTMAiajsVGbYyIniIguL/+o=
github.com/AriSu2904/calculator-module v1.1.0/go.mod h1:DUCZ6DZyXEd10b1zKCWlHzdYzwl9MbCEP4BiYJjvAkw=
